
Microsoft Visual Studio Solution File, Format Version 12.00
# Visual Studio 2012
Project("{FAE04EC0-301F-11D3-BF4B-00C04F79EFBC}") = "www.reverse-proxy-as-cms.info", "www.reverse-proxy-as-cms.info\www.reverse-proxy-as-cms.info.csproj", "{B2EEB9EC-703D-4388-9366-C54F473675A7}"
EndProject
Project("{FAE04EC0-301F-11D3-BF4B-00C04F79EFBC}") = "InjectHTMLUrlRewriteProvider", "InjectHTMLUrlRewriteProvider\InjectHTMLUrlRewriteProvider.csproj", "{3FBF841B-31CF-4A06-A3A8-E76DA4618F73}"
EndProject
Global
	GlobalSection(SolutionConfigurationPlatforms) = preSolution
		Debug|Any CPU = Debug|Any CPU
		Release|Any CPU = Release|Any CPU
	EndGlobalSection
	GlobalSection(ProjectConfigurationPlatforms) = postSolution
		{B2EEB9EC-703D-4388-9366-C54F473675A7}.Debug|Any CPU.ActiveCfg = Debug|Any CPU
		{B2EEB9EC-703D-4388-9366-C54F473675A7}.Debug|Any CPU.Build.0 = Debug|Any CPU
		{B2EEB9EC-703D-4388-9366-C54F473675A7}.Release|Any CPU.ActiveCfg = Release|Any CPU
		{B2EEB9EC-703D-4388-9366-C54F473675A7}.Release|Any CPU.Build.0 = Release|Any CPU
		{3FBF841B-31CF-4A06-A3A8-E76DA4618F73}.Debug|Any CPU.ActiveCfg = Debug|Any CPU
		{3FBF841B-31CF-4A06-A3A8-E76DA4618F73}.Debug|Any CPU.Build.0 = Debug|Any CPU
		{3FBF841B-31CF-4A06-A3A8-E76DA4618F73}.Release|Any CPU.ActiveCfg = Release|Any CPU
		{3FBF841B-31CF-4A06-A3A8-E76DA4618F73}.Release|Any CPU.Build.0 = Release|Any CPU
	EndGlobalSection
	GlobalSection(SolutionProperties) = preSolution
		HideSolutionNode = FALSE
	EndGlobalSection
EndGlobal
